// !$*UTF8*$!
{
	archiveVersion = 1;
	classes = {
	};
	objectVersion = 48;
	objects = {

/* Begin PBXBuildFile section */
		3CA0AB18206C794A001F81B3 /* CXSyncer.framework in Frameworks */ = {isa = PBXBuildFile; fileRef = 3CA0AB0E206C794A001F81B3 /* CXSyncer.framework */; };
		3CA0AB1D206C794A001F81B3 /* CXSyncerTests.swift in Sources */ = {isa = PBXBuildFile; fileRef = 3CA0AB1C206C794A001F81B3 /* CXSyncerTests.swift */; };
		3CA0AB1F206C794A001F81B3 /* CXSyncer.h in Headers */ = {isa = PBXBuildFile; fileRef = 3CA0AB11206C794A001F81B3 /* CXSyncer.h */; settings = {ATTRIBUTES = (Public, ); }; };
		3CA0AB2B206C7C0D001F81B3 /* Realm.framework in Frameworks */ = {isa = PBXBuildFile; fileRef = 3CA0AB29206C7C0D001F81B3 /* Realm.framework */; };
		3CA0AB2C206C7C0D001F81B3 /* RealmSwift.framework in Frameworks */ = {isa = PBXBuildFile; fileRef = 3CA0AB2A206C7C0D001F81B3 /* RealmSwift.framework */; };
		3CA0AB2E206C7C1C001F81B3 /* CXSyncer.swift in Sources */ = {isa = PBXBuildFile; fileRef = 3CA0AB2D206C7C1C001F81B3 /* CXSyncer.swift */; };
		3CA0AB30206C7C24001F81B3 /* CXSyncerConfiguration.swift in Sources */ = {isa = PBXBuildFile; fileRef = 3CA0AB2F206C7C24001F81B3 /* CXSyncerConfiguration.swift */; };
		3CA0AB33206C7C5F001F81B3 /* CXSyncItem.swift in Sources */ = {isa = PBXBuildFile; fileRef = 3CA0AB32206C7C5F001F81B3 /* CXSyncItem.swift */; };
		3CA0AB35206C7C92001F81B3 /* CXSyncable.swift in Sources */ = {isa = PBXBuildFile; fileRef = 3CA0AB34206C7C92001F81B3 /* CXSyncable.swift */; };
		3CA0AB38206C80A4001F81B3 /* CXSyncStorage.swift in Sources */ = {isa = PBXBuildFile; fileRef = 3CA0AB37206C80A4001F81B3 /* CXSyncStorage.swift */; };
		3CA0AB3A206C9218001F81B3 /* CXSyncGuard.swift in Sources */ = {isa = PBXBuildFile; fileRef = 3CA0AB39206C9218001F81B3 /* CXSyncGuard.swift */; };
		3CA0AB3D206D3CFD001F81B3 /* CXSyncProcess.swift in Sources */ = {isa = PBXBuildFile; fileRef = 3CA0AB3C206D3CFD001F81B3 /* CXSyncProcess.swift */; };
		3CA0AB3F206D3E92001F81B3 /* CXSyncOperation.swift in Sources */ = {isa = PBXBuildFile; fileRef = 3CA0AB3E206D3E92001F81B3 /* CXSyncOperation.swift */; };
		3CA0AB41206D3F94001F81B3 /* CXSyncProcessStrategy.swift in Sources */ = {isa = PBXBuildFile; fileRef = 3CA0AB40206D3F94001F81B3 /* CXSyncProcessStrategy.swift */; };
		3CA0AB49206D5F71001F81B3 /* AppDelegate.swift in Sources */ = {isa = PBXBuildFile; fileRef = 3CA0AB48206D5F71001F81B3 /* AppDelegate.swift */; };
		3CA0AB4B206D5F71001F81B3 /* ViewController.swift in Sources */ = {isa = PBXBuildFile; fileRef = 3CA0AB4A206D5F71001F81B3 /* ViewController.swift */; };
		3CA0AB4E206D5F71001F81B3 /* Main.storyboard in Resources */ = {isa = PBXBuildFile; fileRef = 3CA0AB4C206D5F71001F81B3 /* Main.storyboard */; };
		3CA0AB50206D5F71001F81B3 /* Assets.xcassets in Resources */ = {isa = PBXBuildFile; fileRef = 3CA0AB4F206D5F71001F81B3 /* Assets.xcassets */; };
		3CA0AB53206D5F71001F81B3 /* LaunchScreen.storyboard in Resources */ = {isa = PBXBuildFile; fileRef = 3CA0AB51206D5F71001F81B3 /* LaunchScreen.storyboard */; };
		3CA0AB5E206D5F71001F81B3 /* CXSyncDemoTests.swift in Sources */ = {isa = PBXBuildFile; fileRef = 3CA0AB5D206D5F71001F81B3 /* CXSyncDemoTests.swift */; };
		3CA0AB69206D5F71001F81B3 /* CXSyncDemoUITests.swift in Sources */ = {isa = PBXBuildFile; fileRef = 3CA0AB68206D5F71001F81B3 /* CXSyncDemoUITests.swift */; };
		3CA0AB74206D63AB001F81B3 /* CXSyncer.framework in Frameworks */ = {isa = PBXBuildFile; fileRef = 3CA0AB0E206C794A001F81B3 /* CXSyncer.framework */; };
		3CA0AB75206D63AB001F81B3 /* CXSyncer.framework in Embed Frameworks */ = {isa = PBXBuildFile; fileRef = 3CA0AB0E206C794A001F81B3 /* CXSyncer.framework */; settings = {ATTRIBUTES = (CodeSignOnCopy, RemoveHeadersOnCopy, ); }; };
		3CA0AB79206D65F7001F81B3 /* Realm.framework in Frameworks */ = {isa = PBXBuildFile; fileRef = 3CA0AB29206C7C0D001F81B3 /* Realm.framework */; };
		3CA0AB7A206D65F7001F81B3 /* RealmSwift.framework in Frameworks */ = {isa = PBXBuildFile; fileRef = 3CA0AB2A206C7C0D001F81B3 /* RealmSwift.framework */; };
/* End PBXBuildFile section */

/* Begin PBXContainerItemProxy section */
		3CA0AB19206C794A001F81B3 /* PBXContainerItemProxy */ = {
			isa = PBXContainerItemProxy;
			containerPortal = 3CA0AB05206C794A001F81B3 /* Project object */;
			proxyType = 1;
			remoteGlobalIDString = 3CA0AB0D206C794A001F81B3;
			remoteInfo = CXSyncer;
		};
		3CA0AB5A206D5F71001F81B3 /* PBXContainerItemProxy */ = {
			isa = PBXContainerItemProxy;
			containerPortal = 3CA0AB05206C794A001F81B3 /* Project object */;
			proxyType = 1;
			remoteGlobalIDString = 3CA0AB45206D5F71001F81B3;
			remoteInfo = CXSyncDemo;
		};
		3CA0AB65206D5F71001F81B3 /* PBXContainerItemProxy */ = {
			isa = PBXContainerItemProxy;
			containerPortal = 3CA0AB05206C794A001F81B3 /* Project object */;
			proxyType = 1;
			remoteGlobalIDString = 3CA0AB45206D5F71001F81B3;
			remoteInfo = CXSyncDemo;
		};
		3CA0AB76206D63AB001F81B3 /* PBXContainerItemProxy */ = {
			isa = PBXContainerItemProxy;
			containerPortal = 3CA0AB05206C794A001F81B3 /* Project object */;
			proxyType = 1;
			remoteGlobalIDString = 3CA0AB0D206C794A001F81B3;
			remoteInfo = CXSyncer;
		};
/* End PBXContainerItemProxy section */

/* Begin PBXCopyFilesBuildPhase section */
		3CA0AB78206D63AB001F81B3 /* Embed Frameworks */ = {
			isa = PBXCopyFilesBuildPhase;
			buildActionMask = 2147483647;
			dstPath = "";
			dstSubfolderSpec = 10;
			files = (
				3CA0AB75206D63AB001F81B3 /* CXSyncer.framework in Embed Frameworks */,
			);
			name = "Embed Frameworks";
			runOnlyForDeploymentPostprocessing = 0;
		};
/* End PBXCopyFilesBuildPhase section */

/* Begin PBXFileReference section */
		3CA0AB0E206C794A001F81B3 /* CXSyncer.framework */ = {isa = PBXFileReference; explicitFileType = wrapper.framework; includeInIndex = 0; path = CXSyncer.framework; sourceTree = BUILT_PRODUCTS_DIR; };
		3CA0AB11206C794A001F81B3 /* CXSyncer.h */ = {isa = PBXFileReference; lastKnownFileType = sourcecode.c.h; path = CXSyncer.h; sourceTree = "<group>"; };
		3CA0AB12206C794A001F81B3 /* Info.plist */ = {isa = PBXFileReference; lastKnownFileType = text.plist.xml; path = Info.plist; sourceTree = "<group>"; };
		3CA0AB17206C794A001F81B3 /* CXSyncerTests.xctest */ = {isa = PBXFileReference; explicitFileType = wrapper.cfbundle; includeInIndex = 0; path = CXSyncerTests.xctest; sourceTree = BUILT_PRODUCTS_DIR; };
		3CA0AB1C206C794A001F81B3 /* CXSyncerTests.swift */ = {isa = PBXFileReference; lastKnownFileType = sourcecode.swift; path = CXSyncerTests.swift; sourceTree = "<group>"; };
		3CA0AB1E206C794A001F81B3 /* Info.plist */ = {isa = PBXFileReference; lastKnownFileType = text.plist.xml; path = Info.plist; sourceTree = "<group>"; };
		3CA0AB29206C7C0D001F81B3 /* Realm.framework */ = {isa = PBXFileReference; lastKnownFileType = wrapper.framework; name = Realm.framework; path = Carthage/Build/iOS/Realm.framework; sourceTree = "<group>"; };
		3CA0AB2A206C7C0D001F81B3 /* RealmSwift.framework */ = {isa = PBXFileReference; lastKnownFileType = wrapper.framework; name = RealmSwift.framework; path = Carthage/Build/iOS/RealmSwift.framework; sourceTree = "<group>"; };
		3CA0AB2D206C7C1C001F81B3 /* CXSyncer.swift */ = {isa = PBXFileReference; lastKnownFileType = sourcecode.swift; path = CXSyncer.swift; sourceTree = "<group>"; };
		3CA0AB2F206C7C24001F81B3 /* CXSyncerConfiguration.swift */ = {isa = PBXFileReference; lastKnownFileType = sourcecode.swift; path = CXSyncerConfiguration.swift; sourceTree = "<group>"; };
		3CA0AB32206C7C5F001F81B3 /* CXSyncItem.swift */ = {isa = PBXFileReference; lastKnownFileType = sourcecode.swift; path = CXSyncItem.swift; sourceTree = "<group>"; };
		3CA0AB34206C7C92001F81B3 /* CXSyncable.swift */ = {isa = PBXFileReference; lastKnownFileType = sourcecode.swift; path = CXSyncable.swift; sourceTree = "<group>"; };
		3CA0AB37206C80A4001F81B3 /* CXSyncStorage.swift */ = {isa = PBXFileReference; lastKnownFileType = sourcecode.swift; path = CXSyncStorage.swift; sourceTree = "<group>"; };
		3CA0AB39206C9218001F81B3 /* CXSyncGuard.swift */ = {isa = PBXFileReference; lastKnownFileType = sourcecode.swift; path = CXSyncGuard.swift; sourceTree = "<group>"; };
		3CA0AB3C206D3CFD001F81B3 /* CXSyncProcess.swift */ = {isa = PBXFileReference; lastKnownFileType = sourcecode.swift; path = CXSyncProcess.swift; sourceTree = "<group>"; };
		3CA0AB3E206D3E92001F81B3 /* CXSyncOperation.swift */ = {isa = PBXFileReference; lastKnownFileType = sourcecode.swift; path = CXSyncOperation.swift; sourceTree = "<group>"; };
		3CA0AB40206D3F94001F81B3 /* CXSyncProcessStrategy.swift */ = {isa = PBXFileReference; lastKnownFileType = sourcecode.swift; path = CXSyncProcessStrategy.swift; sourceTree = "<group>"; };
		3CA0AB46206D5F71001F81B3 /* CXSyncDemo.app */ = {isa = PBXFileReference; explicitFileType = wrapper.application; includeInIndex = 0; path = CXSyncDemo.app; sourceTree = BUILT_PRODUCTS_DIR; };
		3CA0AB48206D5F71001F81B3 /* AppDelegate.swift */ = {isa = PBXFileReference; lastKnownFileType = sourcecode.swift; path = AppDelegate.swift; sourceTree = "<group>"; };
		3CA0AB4A206D5F71001F81B3 /* ViewController.swift */ = {isa = PBXFileReference; lastKnownFileType = sourcecode.swift; path = ViewController.swift; sourceTree = "<group>"; };
		3CA0AB4D206D5F71001F81B3 /* Base */ = {isa = PBXFileReference; lastKnownFileType = file.storyboard; name = Base; path = Base.lproj/Main.storyboard; sourceTree = "<group>"; };
		3CA0AB4F206D5F71001F81B3 /* Assets.xcassets */ = {isa = PBXFileReference; lastKnownFileType = folder.assetcatalog; path = Assets.xcassets; sourceTree = "<group>"; };
		3CA0AB52206D5F71001F81B3 /* Base */ = {isa = PBXFileReference; lastKnownFileType = file.storyboard; name = Base; path = Base.lproj/LaunchScreen.storyboard; sourceTree = "<group>"; };
		3CA0AB54206D5F71001F81B3 /* Info.plist */ = {isa = PBXFileReference; lastKnownFileType = text.plist.xml; path = Info.plist; sourceTree = "<group>"; };
		3CA0AB59206D5F71001F81B3 /* CXSyncDemoTests.xctest */ = {isa = PBXFileReference; explicitFileType = wrapper.cfbundle; includeInIndex = 0; path = CXSyncDemoTests.xctest; sourceTree = BUILT_PRODUCTS_DIR; };
		3CA0AB5D206D5F71001F81B3 /* CXSyncDemoTests.swift */ = {isa = PBXFileReference; lastKnownFileType = sourcecode.swift; path = CXSyncDemoTests.swift; sourceTree = "<group>"; };
		3CA0AB5F206D5F71001F81B3 /* Info.plist */ = {isa = PBXFileReference; lastKnownFileType = text.plist.xml; path = Info.plist; sourceTree = "<group>"; };
		3CA0AB64206D5F71001F81B3 /* CXSyncDemoUITests.xctest */ = {isa = PBXFileReference; explicitFileType = wrapper.cfbundle; includeInIndex = 0; path = CXSyncDemoUITests.xctest; sourceTree = BUILT_PRODUCTS_DIR; };
		3CA0AB68206D5F71001F81B3 /* CXSyncDemoUITests.swift */ = {isa = PBXFileReference; lastKnownFileType = sourcecode.swift; path = CXSyncDemoUITests.swift; sourceTree = "<group>"; };
		3CA0AB6A206D5F71001F81B3 /* Info.plist */ = {isa = PBXFileReference; lastKnownFileType = text.plist.xml; path = Info.plist; sourceTree = "<group>"; };
/* End PBXFileReference section */

/* Begin PBXFrameworksBuildPhase section */
		3CA0AB0A206C794A001F81B3 /* Frameworks */ = {
			isa = PBXFrameworksBuildPhase;
			buildActionMask = 2147483647;
			files = (
				3CA0AB2B206C7C0D001F81B3 /* Realm.framework in Frameworks */,
				3CA0AB2C206C7C0D001F81B3 /* RealmSwift.framework in Frameworks */,
			);
			runOnlyForDeploymentPostprocessing = 0;
		};
		3CA0AB14206C794A001F81B3 /* Frameworks */ = {
			isa = PBXFrameworksBuildPhase;
			buildActionMask = 2147483647;
			files = (
				3CA0AB18206C794A001F81B3 /* CXSyncer.framework in Frameworks */,
			);
			runOnlyForDeploymentPostprocessing = 0;
		};
		3CA0AB43206D5F71001F81B3 /* Frameworks */ = {
			isa = PBXFrameworksBuildPhase;
			buildActionMask = 2147483647;
			files = (
				3CA0AB74206D63AB001F81B3 /* CXSyncer.framework in Frameworks */,
				3CA0AB79206D65F7001F81B3 /* Realm.framework in Frameworks */,
				3CA0AB7A206D65F7001F81B3 /* RealmSwift.framework in Frameworks */,
			);
			runOnlyForDeploymentPostprocessing = 0;
		};
		3CA0AB56206D5F71001F81B3 /* Frameworks */ = {
			isa = PBXFrameworksBuildPhase;
			buildActionMask = 2147483647;
			files = (
			);
			runOnlyForDeploymentPostprocessing = 0;
		};
		3CA0AB61206D5F71001F81B3 /* Frameworks */ = {
			isa = PBXFrameworksBuildPhase;
			buildActionMask = 2147483647;
			files = (
			);
			runOnlyForDeploymentPostprocessing = 0;
		};
/* End PBXFrameworksBuildPhase section */

/* Begin PBXGroup section */
		3CA0AB04206C794A001F81B3 = {
			isa = PBXGroup;
			children = (
				3CA0AB10206C794A001F81B3 /* CXSyncer */,
				3CA0AB1B206C794A001F81B3 /* CXSyncerTests */,
				3CA0AB47206D5F71001F81B3 /* CXSyncDemo */,
				3CA0AB5C206D5F71001F81B3 /* CXSyncDemoTests */,
				3CA0AB67206D5F71001F81B3 /* CXSyncDemoUITests */,
				3CA0AB0F206C794A001F81B3 /* Products */,
				3CA0AB28206C7C0D001F81B3 /* Frameworks */,
			);
			sourceTree = "<group>";
		};
		3CA0AB0F206C794A001F81B3 /* Products */ = {
			isa = PBXGroup;
			children = (
				3CA0AB0E206C794A001F81B3 /* CXSyncer.framework */,
				3CA0AB17206C794A001F81B3 /* CXSyncerTests.xctest */,
				3CA0AB46206D5F71001F81B3 /* CXSyncDemo.app */,
				3CA0AB59206D5F71001F81B3 /* CXSyncDemoTests.xctest */,
				3CA0AB64206D5F71001F81B3 /* CXSyncDemoUITests.xctest */,
			);
			name = Products;
			sourceTree = "<group>";
		};
		3CA0AB10206C794A001F81B3 /* CXSyncer */ = {
			isa = PBXGroup;
			children = (
				3CA0AB3B206D3CEB001F81B3 /* Process */,
				3CA0AB36206C8080001F81B3 /* Storage */,
				3CA0AB31206C7C54001F81B3 /* Model */,
				3CA0AB11206C794A001F81B3 /* CXSyncer.h */,
				3CA0AB12206C794A001F81B3 /* Info.plist */,
				3CA0AB2D206C7C1C001F81B3 /* CXSyncer.swift */,
				3CA0AB2F206C7C24001F81B3 /* CXSyncerConfiguration.swift */,
				3CA0AB39206C9218001F81B3 /* CXSyncGuard.swift */,
			);
			path = CXSyncer;
			sourceTree = "<group>";
		};
		3CA0AB1B206C794A001F81B3 /* CXSyncerTests */ = {
			isa = PBXGroup;
			children = (
				3CA0AB1C206C794A001F81B3 /* CXSyncerTests.swift */,
				3CA0AB1E206C794A001F81B3 /* Info.plist */,
			);
			path = CXSyncerTests;
			sourceTree = "<group>";
		};
		3CA0AB28206C7C0D001F81B3 /* Frameworks */ = {
			isa = PBXGroup;
			children = (
				3CA0AB29206C7C0D001F81B3 /* Realm.framework */,
				3CA0AB2A206C7C0D001F81B3 /* RealmSwift.framework */,
			);
			name = Frameworks;
			sourceTree = "<group>";
		};
		3CA0AB31206C7C54001F81B3 /* Model */ = {
			isa = PBXGroup;
			children = (
				3CA0AB32206C7C5F001F81B3 /* CXSyncItem.swift */,
				3CA0AB34206C7C92001F81B3 /* CXSyncable.swift */,
			);
			path = Model;
			sourceTree = "<group>";
		};
		3CA0AB36206C8080001F81B3 /* Storage */ = {
			isa = PBXGroup;
			children = (
				3CA0AB37206C80A4001F81B3 /* CXSyncStorage.swift */,
			);
			path = Storage;
			sourceTree = "<group>";
		};
		3CA0AB3B206D3CEB001F81B3 /* Process */ = {
			isa = PBXGroup;
			children = (
				3CA0AB3C206D3CFD001F81B3 /* CXSyncProcess.swift */,
				3CA0AB3E206D3E92001F81B3 /* CXSyncOperation.swift */,
				3CA0AB40206D3F94001F81B3 /* CXSyncProcessStrategy.swift */,
			);
			path = Process;
			sourceTree = "<group>";
		};
		3CA0AB47206D5F71001F81B3 /* CXSyncDemo */ = {
			isa = PBXGroup;
			children = (
				3CA0AB48206D5F71001F81B3 /* AppDelegate.swift */,
				3CA0AB4A206D5F71001F81B3 /* ViewController.swift */,
				3CA0AB4C206D5F71001F81B3 /* Main.storyboard */,
				3CA0AB4F206D5F71001F81B3 /* Assets.xcassets */,
				3CA0AB51206D5F71001F81B3 /* LaunchScreen.storyboard */,
				3CA0AB54206D5F71001F81B3 /* Info.plist */,
			);
			path = CXSyncDemo;
			sourceTree = "<group>";
		};
		3CA0AB5C206D5F71001F81B3 /* CXSyncDemoTests */ = {
			isa = PBXGroup;
			children = (
				3CA0AB5D206D5F71001F81B3 /* CXSyncDemoTests.swift */,
				3CA0AB5F206D5F71001F81B3 /* Info.plist */,
			);
			path = CXSyncDemoTests;
			sourceTree = "<group>";
		};
		3CA0AB67206D5F71001F81B3 /* CXSyncDemoUITests */ = {
			isa = PBXGroup;
			children = (
				3CA0AB68206D5F71001F81B3 /* CXSyncDemoUITests.swift */,
				3CA0AB6A206D5F71001F81B3 /* Info.plist */,
			);
			path = CXSyncDemoUITests;
			sourceTree = "<group>";
		};
/* End PBXGroup section */

/* Begin PBXHeadersBuildPhase section */
		3CA0AB0B206C794A001F81B3 /* Headers */ = {
			isa = PBXHeadersBuildPhase;
			buildActionMask = 2147483647;
			files = (
				3CA0AB1F206C794A001F81B3 /* CXSyncer.h in Headers */,
			);
			runOnlyForDeploymentPostprocessing = 0;
		};
/* End PBXHeadersBuildPhase section */

/* Begin PBXNativeTarget section */
		3CA0AB0D206C794A001F81B3 /* CXSyncer */ = {
			isa = PBXNativeTarget;
			buildConfigurationList = 3CA0AB22206C794A001F81B3 /* Build configuration list for PBXNativeTarget "CXSyncer" */;
			buildPhases = (
				3CA0AB09206C794A001F81B3 /* Sources */,
				3CA0AB0A206C794A001F81B3 /* Frameworks */,
				3CA0AB0B206C794A001F81B3 /* Headers */,
				3CA0AB0C206C794A001F81B3 /* Resources */,
			);
			buildRules = (
			);
			dependencies = (
			);
			name = CXSyncer;
			productName = CXSyncer;
			productReference = 3CA0AB0E206C794A001F81B3 /* CXSyncer.framework */;
			productType = "com.apple.product-type.framework";
		};
		3CA0AB16206C794A001F81B3 /* CXSyncerTests */ = {
			isa = PBXNativeTarget;
			buildConfigurationList = 3CA0AB25206C794A001F81B3 /* Build configuration list for PBXNativeTarget "CXSyncerTests" */;
			buildPhases = (
				3CA0AB13206C794A001F81B3 /* Sources */,
				3CA0AB14206C794A001F81B3 /* Frameworks */,
				3CA0AB15206C794A001F81B3 /* Resources */,
			);
			buildRules = (
			);
			dependencies = (
				3CA0AB1A206C794A001F81B3 /* PBXTargetDependency */,
			);
			name = CXSyncerTests;
			productName = CXSyncerTests;
			productReference = 3CA0AB17206C794A001F81B3 /* CXSyncerTests.xctest */;
			productType = "com.apple.product-type.bundle.unit-test";
		};
		3CA0AB45206D5F71001F81B3 /* CXSyncDemo */ = {
			isa = PBXNativeTarget;
			buildConfigurationList = 3CA0AB6B206D5F71001F81B3 /* Build configuration list for PBXNativeTarget "CXSyncDemo" */;
			buildPhases = (
				3CA0AB42206D5F71001F81B3 /* Sources */,
				3CA0AB43206D5F71001F81B3 /* Frameworks */,
				3CA0AB44206D5F71001F81B3 /* Resources */,
				3CA0AB78206D63AB001F81B3 /* Embed Frameworks */,
				3CEC30A4206D6654009BB67B /* ShellScript */,
			);
			buildRules = (
			);
			dependencies = (
				3CA0AB77206D63AB001F81B3 /* PBXTargetDependency */,
			);
			name = CXSyncDemo;
			productName = CXSyncDemo;
			productReference = 3CA0AB46206D5F71001F81B3 /* CXSyncDemo.app */;
			productType = "com.apple.product-type.application";
		};
		3CA0AB58206D5F71001F81B3 /* CXSyncDemoTests */ = {
			isa = PBXNativeTarget;
			buildConfigurationList = 3CA0AB6E206D5F71001F81B3 /* Build configuration list for PBXNativeTarget "CXSyncDemoTests" */;
			buildPhases = (
				3CA0AB55206D5F71001F81B3 /* Sources */,
				3CA0AB56206D5F71001F81B3 /* Frameworks */,
				3CA0AB57206D5F71001F81B3 /* Resources */,
			);
			buildRules = (
			);
			dependencies = (
				3CA0AB5B206D5F71001F81B3 /* PBXTargetDependency */,
			);
			name = CXSyncDemoTests;
			productName = CXSyncDemoTests;
			productReference = 3CA0AB59206D5F71001F81B3 /* CXSyncDemoTests.xctest */;
			productType = "com.apple.product-type.bundle.unit-test";
		};
		3CA0AB63206D5F71001F81B3 /* CXSyncDemoUITests */ = {
			isa = PBXNativeTarget;
			buildConfigurationList = 3CA0AB71206D5F71001F81B3 /* Build configuration list for PBXNativeTarget "CXSyncDemoUITests" */;
			buildPhases = (
				3CA0AB60206D5F71001F81B3 /* Sources */,
				3CA0AB61206D5F71001F81B3 /* Frameworks */,
				3CA0AB62206D5F71001F81B3 /* Resources */,
			);
			buildRules = (
			);
			dependencies = (
				3CA0AB66206D5F71001F81B3 /* PBXTargetDependency */,
			);
			name = CXSyncDemoUITests;
			productName = CXSyncDemoUITests;
			productReference = 3CA0AB64206D5F71001F81B3 /* CXSyncDemoUITests.xctest */;
			productType = "com.apple.product-type.bundle.ui-testing";
		};
/* End PBXNativeTarget section */

/* Begin PBXProject section */
		3CA0AB05206C794A001F81B3 /* Project object */ = {
			isa = PBXProject;
			attributes = {
				LastSwiftUpdateCheck = 0920;
				LastUpgradeCheck = 0920;
				ORGANIZATIONNAME = "Cunqi Xiao";
				TargetAttributes = {
					3CA0AB0D206C794A001F81B3 = {
						CreatedOnToolsVersion = 9.2;
						LastSwiftMigration = 0920;
						ProvisioningStyle = Automatic;
					};
					3CA0AB16206C794A001F81B3 = {
						CreatedOnToolsVersion = 9.2;
						ProvisioningStyle = Automatic;
					};
					3CA0AB45206D5F71001F81B3 = {
						CreatedOnToolsVersion = 9.2;
						ProvisioningStyle = Automatic;
					};
					3CA0AB58206D5F71001F81B3 = {
						CreatedOnToolsVersion = 9.2;
						ProvisioningStyle = Automatic;
						TestTargetID = 3CA0AB45206D5F71001F81B3;
					};
					3CA0AB63206D5F71001F81B3 = {
						CreatedOnToolsVersion = 9.2;
						ProvisioningStyle = Automatic;
						TestTargetID = 3CA0AB45206D5F71001F81B3;
					};
				};
			};
			buildConfigurationList = 3CA0AB08206C794A001F81B3 /* Build configuration list for PBXProject "CXSyncer" */;
			compatibilityVersion = "Xcode 8.0";
			developmentRegion = en;
			hasScannedForEncodings = 0;
			knownRegions = (
				en,
				Base,
			);
			mainGroup = 3CA0AB04206C794A001F81B3;
			productRefGroup = 3CA0AB0F206C794A001F81B3 /* Products */;
			projectDirPath = "";
			projectRoot = "";
			targets = (
				3CA0AB0D206C794A001F81B3 /* CXSyncer */,
				3CA0AB16206C794A001F81B3 /* CXSyncerTests */,
				3CA0AB45206D5F71001F81B3 /* CXSyncDemo */,
				3CA0AB58206D5F71001F81B3 /* CXSyncDemoTests */,
				3CA0AB63206D5F71001F81B3 /* CXSyncDemoUITests */,
			);
		};
/* End PBXProject section */

/* Begin PBXResourcesBuildPhase section */
		3CA0AB0C206C794A001F81B3 /* Resources */ = {
			isa = PBXResourcesBuildPhase;
			buildActionMask = 2147483647;
			files = (
			);
			runOnlyForDeploymentPostprocessing = 0;
		};
		3CA0AB15206C794A001F81B3 /* Resources */ = {
			isa = PBXResourcesBuildPhase;
			buildActionMask = 2147483647;
			files = (
			);
			runOnlyForDeploymentPostprocessing = 0;
		};
		3CA0AB44206D5F71001F81B3 /* Resources */ = {
			isa = PBXResourcesBuildPhase;
			buildActionMask = 2147483647;
			files = (
				3CA0AB53206D5F71001F81B3 /* LaunchScreen.storyboard in Resources */,
				3CA0AB50206D5F71001F81B3 /* Assets.xcassets in Resources */,
				3CA0AB4E206D5F71001F81B3 /* Main.storyboard in Resources */,
			);
			runOnlyForDeploymentPostprocessing = 0;
		};
		3CA0AB57206D5F71001F81B3 /* Resources */ = {
			isa = PBXResourcesBuildPhase;
			buildActionMask = 2147483647;
			files = (
			);
			runOnlyForDeploymentPostprocessing = 0;
		};
		3CA0AB62206D5F71001F81B3 /* Resources */ = {
			isa = PBXResourcesBuildPhase;
			buildActionMask = 2147483647;
			files = (
			);
			runOnlyForDeploymentPostprocessing = 0;
		};
/* End PBXResourcesBuildPhase section */

/* Begin PBXShellScriptBuildPhase section */
		3CEC30A4206D6654009BB67B /* ShellScript */ = {
			isa = PBXShellScriptBuildPhase;
			buildActionMask = 2147483647;
			files = (
			);
			inputPaths = (
				"$(SRCROOT)/Carthage/Build/iOS/RealmSwift.framework",
				"$(SRCROOT)/Carthage/Build/iOS/Realm.framework",
			);
			outputPaths = (
			);
			runOnlyForDeploymentPostprocessing = 0;
			shellPath = /bin/sh;
			shellScript = "/usr/local/bin/carthage copy-frameworks";
		};
/* End PBXShellScriptBuildPhase section */

/* Begin PBXSourcesBuildPhase section */
		3CA0AB09206C794A001F81B3 /* Sources */ = {
			isa = PBXSourcesBuildPhase;
			buildActionMask = 2147483647;
			files = (
				3CA0AB3D206D3CFD001F81B3 /* CXSyncProcess.swift in Sources */,
				3CA0AB3F206D3E92001F81B3 /* CXSyncOperation.swift in Sources */,
				3CA0AB33206C7C5F001F81B3 /* CXSyncItem.swift in Sources */,
				3CA0AB41206D3F94001F81B3 /* CXSyncProcessStrategy.swift in Sources */,
				3CA0AB38206C80A4001F81B3 /* CXSyncStorage.swift in Sources */,
				3CA0AB2E206C7C1C001F81B3 /* CXSyncer.swift in Sources */,
				3CA0AB3A206C9218001F81B3 /* CXSyncGuard.swift in Sources */,
				3CA0AB30206C7C24001F81B3 /* CXSyncerConfiguration.swift in Sources */,
				3CA0AB35206C7C92001F81B3 /* CXSyncable.swift in Sources */,
			);
			runOnlyForDeploymentPostprocessing = 0;
		};
		3CA0AB13206C794A001F81B3 /* Sources */ = {
			isa = PBXSourcesBuildPhase;
			buildActionMask = 2147483647;
			files = (
				3CA0AB1D206C794A001F81B3 /* CXSyncerTests.swift in Sources */,
			);
			runOnlyForDeploymentPostprocessing = 0;
		};
		3CA0AB42206D5F71001F81B3 /* Sources */ = {
			isa = PBXSourcesBuildPhase;
			buildActionMask = 2147483647;
			files = (
				3CA0AB4B206D5F71001F81B3 /* ViewController.swift in Sources */,
				3CA0AB49206D5F71001F81B3 /* AppDelegate.swift in Sources */,
			);
			runOnlyForDeploymentPostprocessing = 0;
		};
		3CA0AB55206D5F71001F81B3 /* Sources */ = {
			isa = PBXSourcesBuildPhase;
			buildActionMask = 2147483647;
			files = (
				3CA0AB5E206D5F71001F81B3 /* CXSyncDemoTests.swift in Sources */,
			);
			runOnlyForDeploymentPostprocessing = 0;
		};
		3CA0AB60206D5F71001F81B3 /* Sources */ = {
			isa = PBXSourcesBuildPhase;
			buildActionMask = 2147483647;
			files = (
				3CA0AB69206D5F71001F81B3 /* CXSyncDemoUITests.swift in Sources */,
			);
			runOnlyForDeploymentPostprocessing = 0;
		};
/* End PBXSourcesBuildPhase section */

/* Begin PBXTargetDependency section */
		3CA0AB1A206C794A001F81B3 /* PBXTargetDependency */ = {
			isa = PBXTargetDependency;
			target = 3CA0AB0D206C794A001F81B3 /* CXSyncer */;
			targetProxy = 3CA0AB19206C794A001F81B3 /* PBXContainerItemProxy */;
		};
		3CA0AB5B206D5F71001F81B3 /* PBXTargetDependency */ = {
			isa = PBXTargetDependency;
			target = 3CA0AB45206D5F71001F81B3 /* CXSyncDemo */;
			targetProxy = 3CA0AB5A206D5F71001F81B3 /* PBXContainerItemProxy */;
		};
		3CA0AB66206D5F71001F81B3 /* PBXTargetDependency */ = {
			isa = PBXTargetDependency;
			target = 3CA0AB45206D5F71001F81B3 /* CXSyncDemo */;
			targetProxy = 3CA0AB65206D5F71001F81B3 /* PBXContainerItemProxy */;
		};
		3CA0AB77206D63AB001F81B3 /* PBXTargetDependency */ = {
			isa = PBXTargetDependency;
			target = 3CA0AB0D206C794A001F81B3 /* CXSyncer */;
			targetProxy = 3CA0AB76206D63AB001F81B3 /* PBXContainerItemProxy */;
		};
/* End PBXTargetDependency section */

/* Begin PBXVariantGroup section */
		3CA0AB4C206D5F71001F81B3 /* Main.storyboard */ = {
			isa = PBXVariantGroup;
			children = (
				3CA0AB4D206D5F71001F81B3 /* Base */,
			);
			name = Main.storyboard;
			sourceTree = "<group>";
		};
		3CA0AB51206D5F71001F81B3 /* LaunchScreen.storyboard */ = {
			isa = PBXVariantGroup;
			children = (
				3CA0AB52206D5F71001F81B3 /* Base */,
			);
			name = LaunchScreen.storyboard;
			sourceTree = "<group>";
		};
/* End PBXVariantGroup section */

/* Begin XCBuildConfiguration section */
		3CA0AB20206C794A001F81B3 /* Debug */ = {
			isa = XCBuildConfiguration;
			buildSettings = {
				ALWAYS_SEARCH_USER_PATHS = NO;
				CLANG_ANALYZER_NONNULL = YES;
				CLANG_ANALYZER_NUMBER_OBJECT_CONVERSION = YES_AGGRESSIVE;
				CLANG_CXX_LANGUAGE_STANDARD = "gnu++14";
				CLANG_CXX_LIBRARY = "libc++";
				CLANG_ENABLE_MODULES = YES;
				CLANG_ENABLE_OBJC_ARC = YES;
				CLANG_WARN_BLOCK_CAPTURE_AUTORELEASING = YES;
				CLANG_WARN_BOOL_CONVERSION = YES;
				CLANG_WARN_COMMA = YES;
				CLANG_WARN_CONSTANT_CONVERSION = YES;
				CLANG_WARN_DIRECT_OBJC_ISA_USAGE = YES_ERROR;
				CLANG_WARN_DOCUMENTATION_COMMENTS = YES;
				CLANG_WARN_EMPTY_BODY = YES;
				CLANG_WARN_ENUM_CONVERSION = YES;
				CLANG_WARN_INFINITE_RECURSION = YES;
				CLANG_WARN_INT_CONVERSION = YES;
				CLANG_WARN_NON_LITERAL_NULL_CONVERSION = YES;
				CLANG_WARN_OBJC_LITERAL_CONVERSION = YES;
				CLANG_WARN_OBJC_ROOT_CLASS = YES_ERROR;
				CLANG_WARN_RANGE_LOOP_ANALYSIS = YES;
				CLANG_WARN_STRICT_PROTOTYPES = YES;
				CLANG_WARN_SUSPICIOUS_MOVE = YES;
				CLANG_WARN_UNGUARDED_AVAILABILITY = YES_AGGRESSIVE;
				CLANG_WARN_UNREACHABLE_CODE = YES;
				CLANG_WARN__DUPLICATE_METHOD_MATCH = YES;
				CODE_SIGN_IDENTITY = "iPhone Developer";
				COPY_PHASE_STRIP = NO;
				CURRENT_PROJECT_VERSION = 1;
				DEBUG_INFORMATION_FORMAT = dwarf;
				ENABLE_STRICT_OBJC_MSGSEND = YES;
				ENABLE_TESTABILITY = YES;
				GCC_C_LANGUAGE_STANDARD = gnu11;
				GCC_DYNAMIC_NO_PIC = NO;
				GCC_NO_COMMON_BLOCKS = YES;
				GCC_OPTIMIZATION_LEVEL = 0;
				GCC_PREPROCESSOR_DEFINITIONS = (
					"DEBUG=1",
					"$(inherited)",
				);
				GCC_WARN_64_TO_32_BIT_CONVERSION = YES;
				GCC_WARN_ABOUT_RETURN_TYPE = YES_ERROR;
				GCC_WARN_UNDECLARED_SELECTOR = YES;
				GCC_WARN_UNINITIALIZED_AUTOS = YES_AGGRESSIVE;
				GCC_WARN_UNUSED_FUNCTION = YES;
				GCC_WARN_UNUSED_VARIABLE = YES;
				IPHONEOS_DEPLOYMENT_TARGET = 11.2;
				MTL_ENABLE_DEBUG_INFO = YES;
				ONLY_ACTIVE_ARCH = YES;
				SDKROOT = iphoneos;
				SWIFT_ACTIVE_COMPILATION_CONDITIONS = DEBUG;
				SWIFT_OPTIMIZATION_LEVEL = "-Onone";
				VERSIONING_SYSTEM = "apple-generic";
				VERSION_INFO_PREFIX = "";
			};
			name = Debug;
		};
		3CA0AB21206C794A001F81B3 /* Release */ = {
			isa = XCBuildConfiguration;
			buildSettings = {
				ALWAYS_SEARCH_USER_PATHS = NO;
				CLANG_ANALYZER_NONNULL = YES;
				CLANG_ANALYZER_NUMBER_OBJECT_CONVERSION = YES_AGGRESSIVE;
				CLANG_CXX_LANGUAGE_STANDARD = "gnu++14";
				CLANG_CXX_LIBRARY = "libc++";
				CLANG_ENABLE_MODULES = YES;
				CLANG_ENABLE_OBJC_ARC = YES;
				CLANG_WARN_BLOCK_CAPTURE_AUTORELEASING = YES;
				CLANG_WARN_BOOL_CONVERSION = YES;
				CLANG_WARN_COMMA = YES;
				CLANG_WARN_CONSTANT_CONVERSION = YES;
				CLANG_WARN_DIRECT_OBJC_ISA_USAGE = YES_ERROR;
				CLANG_WARN_DOCUMENTATION_COMMENTS = YES;
				CLANG_WARN_EMPTY_BODY = YES;
				CLANG_WARN_ENUM_CONVERSION = YES;
				CLANG_WARN_INFINITE_RECURSION = YES;
				CLANG_WARN_INT_CONVERSION = YES;
				CLANG_WARN_NON_LITERAL_NULL_CONVERSION = YES;
				CLANG_WARN_OBJC_LITERAL_CONVERSION = YES;
				CLANG_WARN_OBJC_ROOT_CLASS = YES_ERROR;
				CLANG_WARN_RANGE_LOOP_ANALYSIS = YES;
				CLANG_WARN_STRICT_PROTOTYPES = YES;
				CLANG_WARN_SUSPICIOUS_MOVE = YES;
				CLANG_WARN_UNGUARDED_AVAILABILITY = YES_AGGRESSIVE;
				CLANG_WARN_UNREACHABLE_CODE = YES;
				CLANG_WARN__DUPLICATE_METHOD_MATCH = YES;
				CODE_SIGN_IDENTITY = "iPhone Developer";
				COPY_PHASE_STRIP = NO;
				CURRENT_PROJECT_VERSION = 1;
				DEBUG_INFORMATION_FORMAT = "dwarf-with-dsym";
				ENABLE_NS_ASSERTIONS = NO;
				ENABLE_STRICT_OBJC_MSGSEND = YES;
				GCC_C_LANGUAGE_STANDARD = gnu11;
				GCC_NO_COMMON_BLOCKS = YES;
				GCC_WARN_64_TO_32_BIT_CONVERSION = YES;
				GCC_WARN_ABOUT_RETURN_TYPE = YES_ERROR;
				GCC_WARN_UNDECLARED_SELECTOR = YES;
				GCC_WARN_UNINITIALIZED_AUTOS = YES_AGGRESSIVE;
				GCC_WARN_UNUSED_FUNCTION = YES;
				GCC_WARN_UNUSED_VARIABLE = YES;
				IPHONEOS_DEPLOYMENT_TARGET = 11.2;
				MTL_ENABLE_DEBUG_INFO = NO;
				SDKROOT = iphoneos;
				SWIFT_OPTIMIZATION_LEVEL = "-Owholemodule";
				VALIDATE_PRODUCT = YES;
				VERSIONING_SYSTEM = "apple-generic";
				VERSION_INFO_PREFIX = "";
			};
			name = Release;
		};
		3CA0AB23206C794A001F81B3 /* Debug */ = {
			isa = XCBuildConfiguration;
			buildSettings = {
				CLANG_ENABLE_MODULES = YES;
				CODE_SIGN_IDENTITY = "";
				CODE_SIGN_STYLE = Automatic;
				DEFINES_MODULE = YES;
				DEVELOPMENT_TEAM = 2PQ63WGMNP;
				DYLIB_COMPATIBILITY_VERSION = 1;
				DYLIB_CURRENT_VERSION = 1;
				DYLIB_INSTALL_NAME_BASE = "@rpath";
				FRAMEWORK_SEARCH_PATHS = (
					"$(inherited)",
					"$(PROJECT_DIR)/Carthage/Build/iOS",
				);
				INFOPLIST_FILE = CXSyncer/Info.plist;
				INSTALL_PATH = "$(LOCAL_LIBRARY_DIR)/Frameworks";
				LD_RUNPATH_SEARCH_PATHS = "$(inherited) @executable_path/Frameworks @loader_path/Frameworks";
				PRODUCT_BUNDLE_IDENTIFIER = com.xiaocq203.CXSyncer;
				PRODUCT_NAME = "$(TARGET_NAME:c99extidentifier)";
				SKIP_INSTALL = YES;
				SWIFT_OPTIMIZATION_LEVEL = "-Onone";
				SWIFT_VERSION = 4.0;
				TARGETED_DEVICE_FAMILY = "1,2";
			};
			name = Debug;
		};
		3CA0AB24206C794A001F81B3 /* Release */ = {
			isa = XCBuildConfiguration;
			buildSettings = {
				CLANG_ENABLE_MODULES = YES;
				CODE_SIGN_IDENTITY = "";
				CODE_SIGN_STYLE = Automatic;
				DEFINES_MODULE = YES;
				DEVELOPMENT_TEAM = 2PQ63WGMNP;
				DYLIB_COMPATIBILITY_VERSION = 1;
				DYLIB_CURRENT_VERSION = 1;
				DYLIB_INSTALL_NAME_BASE = "@rpath";
				FRAMEWORK_SEARCH_PATHS = (
					"$(inherited)",
					"$(PROJECT_DIR)/Carthage/Build/iOS",
				);
				INFOPLIST_FILE = CXSyncer/Info.plist;
				INSTALL_PATH = "$(LOCAL_LIBRARY_DIR)/Frameworks";
				LD_RUNPATH_SEARCH_PATHS = "$(inherited) @executable_path/Frameworks @loader_path/Frameworks";
				PRODUCT_BUNDLE_IDENTIFIER = com.xiaocq203.CXSyncer;
				PRODUCT_NAME = "$(TARGET_NAME:c99extidentifier)";
				SKIP_INSTALL = YES;
				SWIFT_VERSION = 4.0;
				TARGETED_DEVICE_FAMILY = "1,2";
			};
			name = Release;
		};
		3CA0AB26206C794A001F81B3 /* Debug */ = {
			isa = XCBuildConfiguration;
			buildSettings = {
				ALWAYS_EMBED_SWIFT_STANDARD_LIBRARIES = YES;
				CODE_SIGN_STYLE = Automatic;
				DEVELOPMENT_TEAM = 2PQ63WGMNP;
				INFOPLIST_FILE = CXSyncerTests/Info.plist;
				LD_RUNPATH_SEARCH_PATHS = "$(inherited) @executable_path/Frameworks @loader_path/Frameworks";
				PRODUCT_BUNDLE_IDENTIFIER = com.xiaocq203.CXSyncerTests;
				PRODUCT_NAME = "$(TARGET_NAME)";
				SWIFT_VERSION = 4.0;
				TARGETED_DEVICE_FAMILY = "1,2";
			};
			name = Debug;
		};
		3CA0AB27206C794A001F81B3 /* Release */ = {
			isa = XCBuildConfiguration;
			buildSettings = {
				ALWAYS_EMBED_SWIFT_STANDARD_LIBRARIES = YES;
				CODE_SIGN_STYLE = Automatic;
				DEVELOPMENT_TEAM = 2PQ63WGMNP;
				INFOPLIST_FILE = CXSyncerTests/Info.plist;
				LD_RUNPATH_SEARCH_PATHS = "$(inherited) @executable_path/Frameworks @loader_path/Frameworks";
				PRODUCT_BUNDLE_IDENTIFIER = com.xiaocq203.CXSyncerTests;
				PRODUCT_NAME = "$(TARGET_NAME)";
				SWIFT_VERSION = 4.0;
				TARGETED_DEVICE_FAMILY = "1,2";
			};
			name = Release;
		};
		3CA0AB6C206D5F71001F81B3 /* Debug */ = {
			isa = XCBuildConfiguration;
			buildSettings = {
				ALWAYS_EMBED_SWIFT_STANDARD_LIBRARIES = YES;
				ASSETCATALOG_COMPILER_APPICON_NAME = AppIcon;
				CODE_SIGN_STYLE = Automatic;
				DEVELOPMENT_TEAM = 2PQ63WGMNP;
				FRAMEWORK_SEARCH_PATHS = (
					"$(inherited)",
					"$(PROJECT_DIR)/Carthage/Build/iOS",
				);
				INFOPLIST_FILE = CXSyncDemo/Info.plist;
				LD_RUNPATH_SEARCH_PATHS = "$(inherited) @executable_path/Frameworks";
				PRODUCT_BUNDLE_IDENTIFIER = com.xiaocq203.CXSyncDemo;
				PRODUCT_NAME = "$(TARGET_NAME)";
				SWIFT_VERSION = 4.0;
				TARGETED_DEVICE_FAMILY = "1,2";
			};
			name = Debug;
		};
		3CA0AB6D206D5F71001F81B3 /* Release */ = {
			isa = XCBuildConfiguration;
			buildSettings = {
				ALWAYS_EMBED_SWIFT_STANDARD_LIBRARIES = YES;
				ASSETCATALOG_COMPILER_APPICON_NAME = AppIcon;
				CODE_SIGN_STYLE = Automatic;
				DEVELOPMENT_TEAM = 2PQ63WGMNP;
				FRAMEWORK_SEARCH_PATHS = (
					"$(inherited)",
					"$(PROJECT_DIR)/Carthage/Build/iOS",
				);
				INFOPLIST_FILE = CXSyncDemo/Info.plist;
				LD_RUNPATH_SEARCH_PATHS = "$(inherited) @executable_path/Frameworks";
				PRODUCT_BUNDLE_IDENTIFIER = com.xiaocq203.CXSyncDemo;
				PRODUCT_NAME = "$(TARGET_NAME)";
				SWIFT_VERSION = 4.0;
				TARGETED_DEVICE_FAMILY = "1,2";
			};
			name = Release;
		};
		3CA0AB6F206D5F71001F81B3 /* Debug */ = {
			isa = XCBuildConfiguration;
			buildSettings = {
				ALWAYS_EMBED_SWIFT_STANDARD_LIBRARIES = YES;
				BUNDLE_LOADER = "$(TEST_HOST)";
				CODE_SIGN_STYLE = Automatic;
				DEVELOPMENT_TEAM = 2PQ63WGMNP;
				INFOPLIST_FILE = CXSyncDemoTests/Info.plist;
				LD_RUNPATH_SEARCH_PATHS = "$(inherited) @executable_path/Frameworks @loader_path/Frameworks";
				PRODUCT_BUNDLE_IDENTIFIER = com.xiaocq203.CXSyncDemoTests;
				PRODUCT_NAME = "$(TARGET_NAME)";
				SWIFT_VERSION = 4.0;
				TARGETED_DEVICE_FAMILY = "1,2";
				TEST_HOST = "$(BUILT_PRODUCTS_DIR)/CXSyncDemo.app/CXSyncDemo";
			};
			name = Debug;
		};
		3CA0AB70206D5F71001F81B3 /* Release */ = {
			isa = XCBuildConfiguration;
			buildSettings = {
				ALWAYS_EMBED_SWIFT_STANDARD_LIBRARIES = YES;
				BUNDLE_LOADER = "$(TEST_HOST)";
				CODE_SIGN_STYLE = Automatic;
				DEVELOPMENT_TEAM = 2PQ63WGMNP;
				INFOPLIST_FILE = CXSyncDemoTests/Info.plist;
				LD_RUNPATH_SEARCH_PATHS = "$(inherited) @executable_path/Frameworks @loader_path/Frameworks";
				PRODUCT_BUNDLE_IDENTIFIER = com.xiaocq203.CXSyncDemoTests;
				PRODUCT_NAME = "$(TARGET_NAME)";
				SWIFT_VERSION = 4.0;
				TARGETED_DEVICE_FAMILY = "1,2";
				TEST_HOST = "$(BUILT_PRODUCTS_DIR)/CXSyncDemo.app/CXSyncDemo";
			};
			name = Release;
		};
		3CA0AB72206D5F71001F81B3 /* Debug */ = {
			isa = XCBuildConfiguration;
			buildSettings = {
				ALWAYS_EMBED_SWIFT_STANDARD_LIBRARIES = YES;
				CODE_SIGN_STYLE = Automatic;
				DEVELOPMENT_TEAM = 2PQ63WGMNP;
				INFOPLIST_FILE = CXSyncDemoUITests/Info.plist;
				LD_RUNPATH_SEARCH_PATHS = "$(inherited) @executable_path/Frameworks @loader_path/Frameworks";
				PRODUCT_BUNDLE_IDENTIFIER = com.xiaocq203.CXSyncDemoUITests;
				PRODUCT_NAME = "$(TARGET_NAME)";
				SWIFT_VERSION = 4.0;
				TARGETED_DEVICE_FAMILY = "1,2";
				TEST_TARGET_NAME = CXSyncDemo;
			};
			name = Debug;
		};
		3CA0AB73206D5F71001F81B3 /* Release */ = {
			isa = XCBuildConfiguration;
			buildSettings = {
				ALWAYS_EMBED_SWIFT_STANDARD_LIBRARIES = YES;
				CODE_SIGN_STYLE = Automatic;
				DEVELOPMENT_TEAM = 2PQ63WGMNP;
				INFOPLIST_FILE = CXSyncDemoUITests/Info.plist;
				LD_RUNPATH_SEARCH_PATHS = "$(inherited) @executable_path/Frameworks @loader_path/Frameworks";
				PRODUCT_BUNDLE_IDENTIFIER = com.xiaocq203.CXSyncDemoUITests;
				PRODUCT_NAME = "$(TARGET_NAME)";
				SWIFT_VERSION = 4.0;
				TARGETED_DEVICE_FAMILY = "1,2";
				TEST_TARGET_NAME = CXSyncDemo;
			};
			name = Release;
		};
/* End XCBuildConfiguration section */

/* Begin XCConfigurationList section */
		3CA0AB08206C794A001F81B3 /* Build configuration list for PBXProject "CXSyncer" */ = {
			isa = XCConfigurationList;
			buildConfigurations = (
				3CA0AB20206C794A001F81B3 /* Debug */,
				3CA0AB21206C794A001F81B3 /* Release */,
			);
			defaultConfigurationIsVisible = 0;
			defaultConfigurationName = Release;
		};
		3CA0AB22206C794A001F81B3 /* Build configuration list for PBXNativeTarget "CXSyncer" */ = {
			isa = XCConfigurationList;
			buildConfigurations = (
				3CA0AB23206C794A001F81B3 /* Debug */,
				3CA0AB24206C794A001F81B3 /* Release */,
			);
			defaultConfigurationIsVisible = 0;
			defaultConfigurationName = Release;
		};
		3CA0AB25206C794A001F81B3 /* Build configuration list for PBXNativeTarget "CXSyncerTests" */ = {
			isa = XCConfigurationList;
			buildConfigurations = (
				3CA0AB26206C794A001F81B3 /* Debug */,
				3CA0AB27206C794A001F81B3 /* Release */,
			);
			defaultConfigurationIsVisible = 0;
			defaultConfigurationName = Release;
		};
		3CA0AB6B206D5F71001F81B3 /* Build configuration list for PBXNativeTarget "CXSyncDemo" */ = {
			isa = XCConfigurationList;
			buildConfigurations = (
				3CA0AB6C206D5F71001F81B3 /* Debug */,
				3CA0AB6D206D5F71001F81B3 /* Release */,
			);
			defaultConfigurationIsVisible = 0;
			defaultConfigurationName = Release;
		};
		3CA0AB6E206D5F71001F81B3 /* Build configuration list for PBXNativeTarget "CXSyncDemoTests" */ = {
			isa = XCConfigurationList;
			buildConfigurations = (
				3CA0AB6F206D5F71001F81B3 /* Debug */,
				3CA0AB70206D5F71001F81B3 /* Release */,
			);
			defaultConfigurationIsVisible = 0;
			defaultConfigurationName = Release;
		};
		3CA0AB71206D5F71001F81B3 /* Build configuration list for PBXNativeTarget "CXSyncDemoUITests" */ = {
			isa = XCConfigurationList;
			buildConfigurations = (
				3CA0AB72206D5F71001F81B3 /* Debug */,
				3CA0AB73206D5F71001F81B3 /* Release */,
			);
			defaultConfigurationIsVisible = 0;
			defaultConfigurationName = Release;
		};
/* End XCConfigurationList section */
	};
	rootObject = 3CA0AB05206C794A001F81B3 /* Project object */;
}
